// !$*UTF8*$!
{
	archiveVersion = 1;
	classes = {
	};
	objectVersion = 56;
	objects = {

/* Begin PBXBuildFile section */
		A8361C00D4AFFAB116712E1F /* Pods_AlexWeather.framework in Frameworks */ = {isa = PBXBuildFile; fileRef = 9163D4C91D460E91E63B805E /* Pods_AlexWeather.framework */; };
		FA10B4E82A5E7E2100642445 /* SFPRODISPLAYREGULAR.OTF in Resources */ = {isa = PBXBuildFile; fileRef = FA10B4E52A5E7E2100642445 /* SFPRODISPLAYREGULAR.OTF */; };
		FA10B4E92A5E7E2100642445 /* SFPRODISPLAYMEDIUM.OTF in Resources */ = {isa = PBXBuildFile; fileRef = FA10B4E62A5E7E2100642445 /* SFPRODISPLAYMEDIUM.OTF */; };
		FA10B4EA2A5E7E2100642445 /* SFPRODISPLAYBOLD.OTF in Resources */ = {isa = PBXBuildFile; fileRef = FA10B4E72A5E7E2100642445 /* SFPRODISPLAYBOLD.OTF */; };
		FA10B4EC2A5E881000642445 /* Ubuntu-Regular.ttf in Resources */ = {isa = PBXBuildFile; fileRef = FA10B4EB2A5E881000642445 /* Ubuntu-Regular.ttf */; };
		FA96C0A62A5800400092E4F4 /* InfoButton.swift in Sources */ = {isa = PBXBuildFile; fileRef = FA96C0A42A5800400092E4F4 /* InfoButton.swift */; };
		FA9DCAB92A61A01A00631934 /* InfoViewController.swift in Sources */ = {isa = PBXBuildFile; fileRef = FA9DCAB82A61A01A00631934 /* InfoViewController.swift */; };
		FA9FCF022A13550000D13D2A /* AppDelegate.swift in Sources */ = {isa = PBXBuildFile; fileRef = FA9FCF012A13550000D13D2A /* AppDelegate.swift */; };
		FA9FCF042A13550000D13D2A /* SceneDelegate.swift in Sources */ = {isa = PBXBuildFile; fileRef = FA9FCF032A13550000D13D2A /* SceneDelegate.swift */; };
		FA9FCF062A13550000D13D2A /* MainViewController.swift in Sources */ = {isa = PBXBuildFile; fileRef = FA9FCF052A13550000D13D2A /* MainViewController.swift */; };
		FA9FCF0B2A13550100D13D2A /* Assets.xcassets in Resources */ = {isa = PBXBuildFile; fileRef = FA9FCF0A2A13550100D13D2A /* Assets.xcassets */; };
		FA9FCF0E2A13550100D13D2A /* LaunchScreen.storyboard in Resources */ = {isa = PBXBuildFile; fileRef = FA9FCF0C2A13550100D13D2A /* LaunchScreen.storyboard */; };
		FA9FCF192A13550100D13D2A /* AlexWeatherTests.swift in Sources */ = {isa = PBXBuildFile; fileRef = FA9FCF182A13550100D13D2A /* AlexWeatherTests.swift */; };
		FA9FCF232A13550100D13D2A /* AlexWeatherUITests.swift in Sources */ = {isa = PBXBuildFile; fileRef = FA9FCF222A13550100D13D2A /* AlexWeatherUITests.swift */; };
		FA9FCF252A13550100D13D2A /* AlexWeatherUITestsLaunchTests.swift in Sources */ = {isa = PBXBuildFile; fileRef = FA9FCF242A13550100D13D2A /* AlexWeatherUITestsLaunchTests.swift */; };
		FAA28DC52A4472A2008472FE /* WeatherManager.swift in Sources */ = {isa = PBXBuildFile; fileRef = FAA28DC42A4472A2008472FE /* WeatherManager.swift */; };
		FAD4665C2A18A7220028760C /* CurrentWeatherData.swift in Sources */ = {isa = PBXBuildFile; fileRef = FAD4665B2A18A7220028760C /* CurrentWeatherData.swift */; };
/* End PBXBuildFile section */

/* Begin PBXContainerItemProxy section */
		FA9FCF152A13550100D13D2A /* PBXContainerItemProxy */ = {
			isa = PBXContainerItemProxy;
			containerPortal = FA9FCEF62A13550000D13D2A /* Project object */;
			proxyType = 1;
			remoteGlobalIDString = FA9FCEFD2A13550000D13D2A;
			remoteInfo = AlexWeather;
		};
		FA9FCF1F2A13550100D13D2A /* PBXContainerItemProxy */ = {
			isa = PBXContainerItemProxy;
			containerPortal = FA9FCEF62A13550000D13D2A /* Project object */;
			proxyType = 1;
			remoteGlobalIDString = FA9FCEFD2A13550000D13D2A;
			remoteInfo = AlexWeather;
		};
/* End PBXContainerItemProxy section */

/* Begin PBXFileReference section */
		766FBECEA72E3877EAF6F30C /* Pods-AlexWeather.release.xcconfig */ = {isa = PBXFileReference; includeInIndex = 1; lastKnownFileType = text.xcconfig; name = "Pods-AlexWeather.release.xcconfig"; path = "Target Support Files/Pods-AlexWeather/Pods-AlexWeather.release.xcconfig"; sourceTree = "<group>"; };
		775725E7CA5200A566DFA56A /* Pods-AlexWeather.debug.xcconfig */ = {isa = PBXFileReference; includeInIndex = 1; lastKnownFileType = text.xcconfig; name = "Pods-AlexWeather.debug.xcconfig"; path = "Target Support Files/Pods-AlexWeather/Pods-AlexWeather.debug.xcconfig"; sourceTree = "<group>"; };
		9163D4C91D460E91E63B805E /* Pods_AlexWeather.framework */ = {isa = PBXFileReference; explicitFileType = wrapper.framework; includeInIndex = 0; path = Pods_AlexWeather.framework; sourceTree = BUILT_PRODUCTS_DIR; };
		FA10B4E52A5E7E2100642445 /* SFPRODISPLAYREGULAR.OTF */ = {isa = PBXFileReference; lastKnownFileType = file; path = SFPRODISPLAYREGULAR.OTF; sourceTree = "<group>"; };
		FA10B4E62A5E7E2100642445 /* SFPRODISPLAYMEDIUM.OTF */ = {isa = PBXFileReference; lastKnownFileType = file; path = SFPRODISPLAYMEDIUM.OTF; sourceTree = "<group>"; };
		FA10B4E72A5E7E2100642445 /* SFPRODISPLAYBOLD.OTF */ = {isa = PBXFileReference; lastKnownFileType = file; path = SFPRODISPLAYBOLD.OTF; sourceTree = "<group>"; };
		FA10B4EB2A5E881000642445 /* Ubuntu-Regular.ttf */ = {isa = PBXFileReference; lastKnownFileType = file; path = "Ubuntu-Regular.ttf"; sourceTree = "<group>"; };
		FA96C0A52A5800400092E4F4 /* Base */ = {isa = PBXFileReference; lastKnownFileType = sourcecode.swift; name = Base; path = Base.lproj/InfoButton.swift; sourceTree = "<group>"; };
		FA9DCAB82A61A01A00631934 /* InfoViewController.swift */ = {isa = PBXFileReference; lastKnownFileType = sourcecode.swift; path = InfoViewController.swift; sourceTree = "<group>"; };
		FA9FCEFE2A13550000D13D2A /* AlexWeather.app */ = {isa = PBXFileReference; explicitFileType = wrapper.application; includeInIndex = 0; path = AlexWeather.app; sourceTree = BUILT_PRODUCTS_DIR; };
		FA9FCF012A13550000D13D2A /* AppDelegate.swift */ = {isa = PBXFileReference; lastKnownFileType = sourcecode.swift; path = AppDelegate.swift; sourceTree = "<group>"; };
		FA9FCF032A13550000D13D2A /* SceneDelegate.swift */ = {isa = PBXFileReference; lastKnownFileType = sourcecode.swift; path = SceneDelegate.swift; sourceTree = "<group>"; };
		FA9FCF052A13550000D13D2A /* MainViewController.swift */ = {isa = PBXFileReference; lastKnownFileType = sourcecode.swift; path = MainViewController.swift; sourceTree = "<group>"; };
		FA9FCF0A2A13550100D13D2A /* Assets.xcassets */ = {isa = PBXFileReference; lastKnownFileType = folder.assetcatalog; path = Assets.xcassets; sourceTree = "<group>"; };
		FA9FCF0D2A13550100D13D2A /* Base */ = {isa = PBXFileReference; lastKnownFileType = file.storyboard; name = Base; path = Base.lproj/LaunchScreen.storyboard; sourceTree = "<group>"; };
		FA9FCF0F2A13550100D13D2A /* Info.plist */ = {isa = PBXFileReference; lastKnownFileType = text.plist.xml; path = Info.plist; sourceTree = "<group>"; };
		FA9FCF142A13550100D13D2A /* AlexWeatherTests.xctest */ = {isa = PBXFileReference; explicitFileType = wrapper.cfbundle; includeInIndex = 0; path = AlexWeatherTests.xctest; sourceTree = BUILT_PRODUCTS_DIR; };
		FA9FCF182A13550100D13D2A /* AlexWeatherTests.swift */ = {isa = PBXFileReference; lastKnownFileType = sourcecode.swift; path = AlexWeatherTests.swift; sourceTree = "<group>"; };
		FA9FCF1E2A13550100D13D2A /* AlexWeatherUITests.xctest */ = {isa = PBXFileReference; explicitFileType = wrapper.cfbundle; includeInIndex = 0; path = AlexWeatherUITests.xctest; sourceTree = BUILT_PRODUCTS_DIR; };
		FA9FCF222A13550100D13D2A /* AlexWeatherUITests.swift */ = {isa = PBXFileReference; lastKnownFileType = sourcecode.swift; path = AlexWeatherUITests.swift; sourceTree = "<group>"; };
		FA9FCF242A13550100D13D2A /* AlexWeatherUITestsLaunchTests.swift */ = {isa = PBXFileReference; lastKnownFileType = sourcecode.swift; path = AlexWeatherUITestsLaunchTests.swift; sourceTree = "<group>"; };
		FAA28DC42A4472A2008472FE /* WeatherManager.swift */ = {isa = PBXFileReference; fileEncoding = 4; lastKnownFileType = sourcecode.swift; path = WeatherManager.swift; sourceTree = "<group>"; };
		FAD4665B2A18A7220028760C /* CurrentWeatherData.swift */ = {isa = PBXFileReference; lastKnownFileType = sourcecode.swift; path = CurrentWeatherData.swift; sourceTree = "<group>"; };
/* End PBXFileReference section */

/* Begin PBXFrameworksBuildPhase section */
		FA9FCEFB2A13550000D13D2A /* Frameworks */ = {
			isa = PBXFrameworksBuildPhase;
			buildActionMask = 2147483647;
			files = (
				A8361C00D4AFFAB116712E1F /* Pods_AlexWeather.framework in Frameworks */,
			);
			runOnlyForDeploymentPostprocessing = 0;
		};
		FA9FCF112A13550100D13D2A /* Frameworks */ = {
			isa = PBXFrameworksBuildPhase;
			buildActionMask = 2147483647;
			files = (
			);
			runOnlyForDeploymentPostprocessing = 0;
		};
		FA9FCF1B2A13550100D13D2A /* Frameworks */ = {
			isa = PBXFrameworksBuildPhase;
			buildActionMask = 2147483647;
			files = (
			);
			runOnlyForDeploymentPostprocessing = 0;
		};
/* End PBXFrameworksBuildPhase section */

/* Begin PBXGroup section */
		51E041A8ADC3BD18804B7436 /* Frameworks */ = {
			isa = PBXGroup;
			children = (
				9163D4C91D460E91E63B805E /* Pods_AlexWeather.framework */,
			);
			name = Frameworks;
			sourceTree = "<group>";
		};
		EE9A0DD4766B4441CF0907A8 /* Pods */ = {
			isa = PBXGroup;
			children = (
				775725E7CA5200A566DFA56A /* Pods-AlexWeather.debug.xcconfig */,
				766FBECEA72E3877EAF6F30C /* Pods-AlexWeather.release.xcconfig */,
			);
			path = Pods;
			sourceTree = "<group>";
		};
		FA10B4E42A5E7DB100642445 /* fonts */ = {
			isa = PBXGroup;
			children = (
				FA10B4E72A5E7E2100642445 /* SFPRODISPLAYBOLD.OTF */,
				FA10B4E62A5E7E2100642445 /* SFPRODISPLAYMEDIUM.OTF */,
				FA10B4EB2A5E881000642445 /* Ubuntu-Regular.ttf */,
				FA10B4E52A5E7E2100642445 /* SFPRODISPLAYREGULAR.OTF */,
			);
			path = fonts;
			sourceTree = "<group>";
		};
		FA9772512A605DC900547DAE /* Models */ = {
			isa = PBXGroup;
			children = (
				FA9772552A605F7400547DAE /* Models */,
				FAA73D682A1A42DF0043D4D6 /* Managers */,
			);
			path = Models;
			sourceTree = "<group>";
		};
		FA9772522A605E7E00547DAE /* Delegates */ = {
			isa = PBXGroup;
			children = (
				FA9FCF012A13550000D13D2A /* AppDelegate.swift */,
				FA9FCF032A13550000D13D2A /* SceneDelegate.swift */,
			);
			path = Delegates;
			sourceTree = "<group>";
		};
		FA9772532A605EB600547DAE /* Views */ = {
			isa = PBXGroup;
			children = (
				FA96C0A42A5800400092E4F4 /* InfoButton.swift */,
			);
			path = Views;
			sourceTree = "<group>";
		};
		FA9772542A605ED400547DAE /* Assets */ = {
			isa = PBXGroup;
			children = (
				FA9FCF0A2A13550100D13D2A /* Assets.xcassets */,
			);
			path = Assets;
			sourceTree = "<group>";
		};
		FA9772552A605F7400547DAE /* Models */ = {
			isa = PBXGroup;
			children = (
				FAD4665B2A18A7220028760C /* CurrentWeatherData.swift */,
			);
			path = Models;
			sourceTree = "<group>";
		};
		FA9FCEF52A13550000D13D2A = {
			isa = PBXGroup;
			children = (
				FA9FCF002A13550000D13D2A /* AlexWeather */,
				FA9FCF172A13550100D13D2A /* AlexWeatherTests */,
				FA9FCF212A13550100D13D2A /* AlexWeatherUITests */,
				FA9FCEFF2A13550000D13D2A /* Products */,
				EE9A0DD4766B4441CF0907A8 /* Pods */,
				51E041A8ADC3BD18804B7436 /* Frameworks */,
			);
			sourceTree = "<group>";
		};
		FA9FCEFF2A13550000D13D2A /* Products */ = {
			isa = PBXGroup;
			children = (
				FA9FCEFE2A13550000D13D2A /* AlexWeather.app */,
				FA9FCF142A13550100D13D2A /* AlexWeatherTests.xctest */,
				FA9FCF1E2A13550100D13D2A /* AlexWeatherUITests.xctest */,
			);
			name = Products;
			sourceTree = "<group>";
		};
		FA9FCF002A13550000D13D2A /* AlexWeather */ = {
			isa = PBXGroup;
			children = (
				FA9772512A605DC900547DAE /* Models */,
				FA9772532A605EB600547DAE /* Views */,
				FAA73D692A1A42F30043D4D6 /* Controllers */,
				FAA73D6A2A1A43050043D4D6 /* Other files */,
				FA9FCF0F2A13550100D13D2A /* Info.plist */,
			);
			path = AlexWeather;
			sourceTree = "<group>";
		};
		FA9FCF172A13550100D13D2A /* AlexWeatherTests */ = {
			isa = PBXGroup;
			children = (
				FA9FCF182A13550100D13D2A /* AlexWeatherTests.swift */,
			);
			path = AlexWeatherTests;
			sourceTree = "<group>";
		};
		FA9FCF212A13550100D13D2A /* AlexWeatherUITests */ = {
			isa = PBXGroup;
			children = (
				FA9FCF222A13550100D13D2A /* AlexWeatherUITests.swift */,
				FA9FCF242A13550100D13D2A /* AlexWeatherUITestsLaunchTests.swift */,
			);
			path = AlexWeatherUITests;
			sourceTree = "<group>";
		};
		FAA73D682A1A42DF0043D4D6 /* Managers */ = {
			isa = PBXGroup;
			children = (
				FAA28DC42A4472A2008472FE /* WeatherManager.swift */,
			);
			path = Managers;
			sourceTree = "<group>";
		};
		FAA73D692A1A42F30043D4D6 /* Controllers */ = {
			isa = PBXGroup;
			children = (
				FA9FCF052A13550000D13D2A /* MainViewController.swift */,
				FA9DCAB82A61A01A00631934 /* InfoViewController.swift */,
			);
			path = Controllers;
			sourceTree = "<group>";
		};
		FAA73D6A2A1A43050043D4D6 /* Other files */ = {
			isa = PBXGroup;
			children = (
				FA10B4E42A5E7DB100642445 /* fonts */,
				FA9772542A605ED400547DAE /* Assets */,
				FA9FCF0C2A13550100D13D2A /* LaunchScreen.storyboard */,
				FA9772522A605E7E00547DAE /* Delegates */,
			);
			path = "Other files";
			sourceTree = "<group>";
		};
/* End PBXGroup section */

/* Begin PBXNativeTarget section */
		FA9FCEFD2A13550000D13D2A /* AlexWeather */ = {
			isa = PBXNativeTarget;
			buildConfigurationList = FA9FCF282A13550100D13D2A /* Build configuration list for PBXNativeTarget "AlexWeather" */;
			buildPhases = (
				2D487621DBCEB9BA793BB42D /* [CP] Check Pods Manifest.lock */,
				FA9FCEFA2A13550000D13D2A /* Sources */,
				FA9FCEFB2A13550000D13D2A /* Frameworks */,
				FA9FCEFC2A13550000D13D2A /* Resources */,
				239E6B42AFD613B551DD7212 /* [CP] Embed Pods Frameworks */,
			);
			buildRules = (
			);
			dependencies = (
			);
			name = AlexWeather;
			productName = AlexWeather;
			productReference = FA9FCEFE2A13550000D13D2A /* AlexWeather.app */;
			productType = "com.apple.product-type.application";
		};
		FA9FCF132A13550100D13D2A /* AlexWeatherTests */ = {
			isa = PBXNativeTarget;
			buildConfigurationList = FA9FCF2B2A13550100D13D2A /* Build configuration list for PBXNativeTarget "AlexWeatherTests" */;
			buildPhases = (
				FA9FCF102A13550100D13D2A /* Sources */,
				FA9FCF112A13550100D13D2A /* Frameworks */,
				FA9FCF122A13550100D13D2A /* Resources */,
			);
			buildRules = (
			);
			dependencies = (
				FA9FCF162A13550100D13D2A /* PBXTargetDependency */,
			);
			name = AlexWeatherTests;
			productName = AlexWeatherTests;
			productReference = FA9FCF142A13550100D13D2A /* AlexWeatherTests.xctest */;
			productType = "com.apple.product-type.bundle.unit-test";
		};
		FA9FCF1D2A13550100D13D2A /* AlexWeatherUITests */ = {
			isa = PBXNativeTarget;
			buildConfigurationList = FA9FCF2E2A13550100D13D2A /* Build configuration list for PBXNativeTarget "AlexWeatherUITests" */;
			buildPhases = (
				FA9FCF1A2A13550100D13D2A /* Sources */,
				FA9FCF1B2A13550100D13D2A /* Frameworks */,
				FA9FCF1C2A13550100D13D2A /* Resources */,
			);
			buildRules = (
			);
			dependencies = (
				FA9FCF202A13550100D13D2A /* PBXTargetDependency */,
			);
			name = AlexWeatherUITests;
			productName = AlexWeatherUITests;
			productReference = FA9FCF1E2A13550100D13D2A /* AlexWeatherUITests.xctest */;
			productType = "com.apple.product-type.bundle.ui-testing";
		};
/* End PBXNativeTarget section */

/* Begin PBXProject section */
		FA9FCEF62A13550000D13D2A /* Project object */ = {
			isa = PBXProject;
			attributes = {
				BuildIndependentTargetsInParallel = 1;
				LastSwiftUpdateCheck = 1420;
				LastUpgradeCheck = 1420;
				TargetAttributes = {
					FA9FCEFD2A13550000D13D2A = {
						CreatedOnToolsVersion = 14.2;
					};
					FA9FCF132A13550100D13D2A = {
						CreatedOnToolsVersion = 14.2;
						TestTargetID = FA9FCEFD2A13550000D13D2A;
					};
					FA9FCF1D2A13550100D13D2A = {
						CreatedOnToolsVersion = 14.2;
						TestTargetID = FA9FCEFD2A13550000D13D2A;
					};
				};
			};
			buildConfigurationList = FA9FCEF92A13550000D13D2A /* Build configuration list for PBXProject "AlexWeather" */;
			compatibilityVersion = "Xcode 14.0";
			developmentRegion = en;
			hasScannedForEncodings = 0;
			knownRegions = (
				en,
				Base,
			);
			mainGroup = FA9FCEF52A13550000D13D2A;
			productRefGroup = FA9FCEFF2A13550000D13D2A /* Products */;
			projectDirPath = "";
			projectRoot = "";
			targets = (
				FA9FCEFD2A13550000D13D2A /* AlexWeather */,
				FA9FCF132A13550100D13D2A /* AlexWeatherTests */,
				FA9FCF1D2A13550100D13D2A /* AlexWeatherUITests */,
			);
		};
/* End PBXProject section */

/* Begin PBXResourcesBuildPhase section */
		FA9FCEFC2A13550000D13D2A /* Resources */ = {
			isa = PBXResourcesBuildPhase;
			buildActionMask = 2147483647;
			files = (
				FA10B4EC2A5E881000642445 /* Ubuntu-Regular.ttf in Resources */,
				FA9FCF0E2A13550100D13D2A /* LaunchScreen.storyboard in Resources */,
				FA10B4E82A5E7E2100642445 /* SFPRODISPLAYREGULAR.OTF in Resources */,
				FA10B4E92A5E7E2100642445 /* SFPRODISPLAYMEDIUM.OTF in Resources */,
				FA10B4EA2A5E7E2100642445 /* SFPRODISPLAYBOLD.OTF in Resources */,
				FA9FCF0B2A13550100D13D2A /* Assets.xcassets in Resources */,
			);
			runOnlyForDeploymentPostprocessing = 0;
		};
		FA9FCF122A13550100D13D2A /* Resources */ = {
			isa = PBXResourcesBuildPhase;
			buildActionMask = 2147483647;
			files = (
			);
			runOnlyForDeploymentPostprocessing = 0;
		};
		FA9FCF1C2A13550100D13D2A /* Resources */ = {
			isa = PBXResourcesBuildPhase;
			buildActionMask = 2147483647;
			files = (
			);
			runOnlyForDeploymentPostprocessing = 0;
		};
/* End PBXResourcesBuildPhase section */

/* Begin PBXShellScriptBuildPhase section */
		239E6B42AFD613B551DD7212 /* [CP] Embed Pods Frameworks */ = {
			isa = PBXShellScriptBuildPhase;
			buildActionMask = 2147483647;
			files = (
			);
			inputFileListPaths = (
				"${PODS_ROOT}/Target Support Files/Pods-AlexWeather/Pods-AlexWeather-frameworks-${CONFIGURATION}-input-files.xcfilelist",
			);
			name = "[CP] Embed Pods Frameworks";
			outputFileListPaths = (
				"${PODS_ROOT}/Target Support Files/Pods-AlexWeather/Pods-AlexWeather-frameworks-${CONFIGURATION}-output-files.xcfilelist",
			);
			runOnlyForDeploymentPostprocessing = 0;
			shellPath = /bin/sh;
			shellScript = "\"${PODS_ROOT}/Target Support Files/Pods-AlexWeather/Pods-AlexWeather-frameworks.sh\"\n";
			showEnvVarsInLog = 0;
		};
		2D487621DBCEB9BA793BB42D /* [CP] Check Pods Manifest.lock */ = {
			isa = PBXShellScriptBuildPhase;
			buildActionMask = 2147483647;
			files = (
			);
			inputFileListPaths = (
			);
			inputPaths = (
				"${PODS_PODFILE_DIR_PATH}/Podfile.lock",
				"${PODS_ROOT}/Manifest.lock",
			);
			name = "[CP] Check Pods Manifest.lock";
			outputFileListPaths = (
			);
			outputPaths = (
				"$(DERIVED_FILE_DIR)/Pods-AlexWeather-checkManifestLockResult.txt",
			);
			runOnlyForDeploymentPostprocessing = 0;
			shellPath = /bin/sh;
			shellScript = "diff \"${PODS_PODFILE_DIR_PATH}/Podfile.lock\" \"${PODS_ROOT}/Manifest.lock\" > /dev/null\nif [ $? != 0 ] ; then\n    # print error to STDERR\n    echo \"error: The sandbox is not in sync with the Podfile.lock. Run 'pod install' or update your CocoaPods installation.\" >&2\n    exit 1\nfi\n# This output is used by Xcode 'outputs' to avoid re-running this script phase.\necho \"SUCCESS\" > \"${SCRIPT_OUTPUT_FILE_0}\"\n";
			showEnvVarsInLog = 0;
		};
/* End PBXShellScriptBuildPhase section */

/* Begin PBXSourcesBuildPhase section */
		FA9FCEFA2A13550000D13D2A /* Sources */ = {
			isa = PBXSourcesBuildPhase;
			buildActionMask = 2147483647;
			files = (
				FAA28DC52A4472A2008472FE /* WeatherManager.swift in Sources */,
				FAD4665C2A18A7220028760C /* CurrentWeatherData.swift in Sources */,
				FA9FCF062A13550000D13D2A /* MainViewController.swift in Sources */,
				FA96C0A62A5800400092E4F4 /* InfoButton.swift in Sources */,
				FA9FCF022A13550000D13D2A /* AppDelegate.swift in Sources */,
				FA9DCAB92A61A01A00631934 /* InfoViewController.swift in Sources */,
				FA9FCF042A13550000D13D2A /* SceneDelegate.swift in Sources */,
			);
			runOnlyForDeploymentPostprocessing = 0;
		};
		FA9FCF102A13550100D13D2A /* Sources */ = {
			isa = PBXSourcesBuildPhase;
			buildActionMask = 2147483647;
			files = (
				FA9FCF192A13550100D13D2A /* AlexWeatherTests.swift in Sources */,
			);
			runOnlyForDeploymentPostprocessing = 0;
		};
		FA9FCF1A2A13550100D13D2A /* Sources */ = {
			isa = PBXSourcesBuildPhase;
			buildActionMask = 2147483647;
			files = (
				FA9FCF232A13550100D13D2A /* AlexWeatherUITests.swift in Sources */,
				FA9FCF252A13550100D13D2A /* AlexWeatherUITestsLaunchTests.swift in Sources */,
			);
			runOnlyForDeploymentPostprocessing = 0;
		};
/* End PBXSourcesBuildPhase section */

/* Begin PBXTargetDependency section */
		FA9FCF162A13550100D13D2A /* PBXTargetDependency */ = {
			isa = PBXTargetDependency;
			target = FA9FCEFD2A13550000D13D2A /* AlexWeather */;
			targetProxy = FA9FCF152A13550100D13D2A /* PBXContainerItemProxy */;
		};
		FA9FCF202A13550100D13D2A /* PBXTargetDependency */ = {
			isa = PBXTargetDependency;
			target = FA9FCEFD2A13550000D13D2A /* AlexWeather */;
			targetProxy = FA9FCF1F2A13550100D13D2A /* PBXContainerItemProxy */;
		};
/* End PBXTargetDependency section */

/* Begin PBXVariantGroup section */
		FA96C0A42A5800400092E4F4 /* InfoButton.swift */ = {
			isa = PBXVariantGroup;
			children = (
				FA96C0A52A5800400092E4F4 /* Base */,
			);
			name = InfoButton.swift;
			sourceTree = "<group>";
		};
		FA9FCF0C2A13550100D13D2A /* LaunchScreen.storyboard */ = {
			isa = PBXVariantGroup;
			children = (
				FA9FCF0D2A13550100D13D2A /* Base */,
			);
			name = LaunchScreen.storyboard;
			sourceTree = "<group>";
		};
/* End PBXVariantGroup section */

/* Begin XCBuildConfiguration section */
		FA9FCF262A13550100D13D2A /* Debug */ = {
			isa = XCBuildConfiguration;
			buildSettings = {
				ALWAYS_SEARCH_USER_PATHS = NO;
				CLANG_ANALYZER_NONNULL = YES;
				CLANG_ANALYZER_NUMBER_OBJECT_CONVERSION = YES_AGGRESSIVE;
				CLANG_CXX_LANGUAGE_STANDARD = "gnu++20";
				CLANG_ENABLE_MODULES = YES;
				CLANG_ENABLE_OBJC_ARC = YES;
				CLANG_ENABLE_OBJC_WEAK = YES;
				CLANG_WARN_BLOCK_CAPTURE_AUTORELEASING = YES;
				CLANG_WARN_BOOL_CONVERSION = YES;
				CLANG_WARN_COMMA = YES;
				CLANG_WARN_CONSTANT_CONVERSION = YES;
				CLANG_WARN_DEPRECATED_OBJC_IMPLEMENTATIONS = YES;
				CLANG_WARN_DIRECT_OBJC_ISA_USAGE = YES_ERROR;
				CLANG_WARN_DOCUMENTATION_COMMENTS = YES;
				CLANG_WARN_EMPTY_BODY = YES;
				CLANG_WARN_ENUM_CONVERSION = YES;
				CLANG_WARN_INFINITE_RECURSION = YES;
				CLANG_WARN_INT_CONVERSION = YES;
				CLANG_WARN_NON_LITERAL_NULL_CONVERSION = YES;
				CLANG_WARN_OBJC_IMPLICIT_RETAIN_SELF = YES;
				CLANG_WARN_OBJC_LITERAL_CONVERSION = YES;
				CLANG_WARN_OBJC_ROOT_CLASS = YES_ERROR;
				CLANG_WARN_QUOTED_INCLUDE_IN_FRAMEWORK_HEADER = YES;
				CLANG_WARN_RANGE_LOOP_ANALYSIS = YES;
				CLANG_WARN_STRICT_PROTOTYPES = YES;
				CLANG_WARN_SUSPICIOUS_MOVE = YES;
				CLANG_WARN_UNGUARDED_AVAILABILITY = YES_AGGRESSIVE;
				CLANG_WARN_UNREACHABLE_CODE = YES;
				CLANG_WARN__DUPLICATE_METHOD_MATCH = YES;
				COPY_PHASE_STRIP = NO;
				DEBUG_INFORMATION_FORMAT = dwarf;
				ENABLE_STRICT_OBJC_MSGSEND = YES;
				ENABLE_TESTABILITY = YES;
				GCC_C_LANGUAGE_STANDARD = gnu11;
				GCC_DYNAMIC_NO_PIC = NO;
				GCC_NO_COMMON_BLOCKS = YES;
				GCC_OPTIMIZATION_LEVEL = 0;
				GCC_PREPROCESSOR_DEFINITIONS = (
					"DEBUG=1",
					"$(inherited)",
				);
				GCC_WARN_64_TO_32_BIT_CONVERSION = YES;
				GCC_WARN_ABOUT_RETURN_TYPE = YES_ERROR;
				GCC_WARN_UNDECLARED_SELECTOR = YES;
				GCC_WARN_UNINITIALIZED_AUTOS = YES_AGGRESSIVE;
				GCC_WARN_UNUSED_FUNCTION = YES;
				GCC_WARN_UNUSED_VARIABLE = YES;
				IPHONEOS_DEPLOYMENT_TARGET = 13.0;
				MTL_ENABLE_DEBUG_INFO = INCLUDE_SOURCE;
				MTL_FAST_MATH = YES;
				ONLY_ACTIVE_ARCH = YES;
				SDKROOT = iphoneos;
				SWIFT_ACTIVE_COMPILATION_CONDITIONS = DEBUG;
				SWIFT_OPTIMIZATION_LEVEL = "-Onone";
			};
			name = Debug;
		};
		FA9FCF272A13550100D13D2A /* Release */ = {
			isa = XCBuildConfiguration;
			buildSettings = {
				ALWAYS_SEARCH_USER_PATHS = NO;
				CLANG_ANALYZER_NONNULL = YES;
				CLANG_ANALYZER_NUMBER_OBJECT_CONVERSION = YES_AGGRESSIVE;
				CLANG_CXX_LANGUAGE_STANDARD = "gnu++20";
				CLANG_ENABLE_MODULES = YES;
				CLANG_ENABLE_OBJC_ARC = YES;
				CLANG_ENABLE_OBJC_WEAK = YES;
				CLANG_WARN_BLOCK_CAPTURE_AUTORELEASING = YES;
				CLANG_WARN_BOOL_CONVERSION = YES;
				CLANG_WARN_COMMA = YES;
				CLANG_WARN_CONSTANT_CONVERSION = YES;
				CLANG_WARN_DEPRECATED_OBJC_IMPLEMENTATIONS = YES;
				CLANG_WARN_DIRECT_OBJC_ISA_USAGE = YES_ERROR;
				CLANG_WARN_DOCUMENTATION_COMMENTS = YES;
				CLANG_WARN_EMPTY_BODY = YES;
				CLANG_WARN_ENUM_CONVERSION = YES;
				CLANG_WARN_INFINITE_RECURSION = YES;
				CLANG_WARN_INT_CONVERSION = YES;
				CLANG_WARN_NON_LITERAL_NULL_CONVERSION = YES;
				CLANG_WARN_OBJC_IMPLICIT_RETAIN_SELF = YES;
				CLANG_WARN_OBJC_LITERAL_CONVERSION = YES;
				CLANG_WARN_OBJC_ROOT_CLASS = YES_ERROR;
				CLANG_WARN_QUOTED_INCLUDE_IN_FRAMEWORK_HEADER = YES;
				CLANG_WARN_RANGE_LOOP_ANALYSIS = YES;
				CLANG_WARN_STRICT_PROTOTYPES = YES;
				CLANG_WARN_SUSPICIOUS_MOVE = YES;
				CLANG_WARN_UNGUARDED_AVAILABILITY = YES_AGGRESSIVE;
				CLANG_WARN_UNREACHABLE_CODE = YES;
				CLANG_WARN__DUPLICATE_METHOD_MATCH = YES;
				COPY_PHASE_STRIP = NO;
				DEBUG_INFORMATION_FORMAT = "dwarf-with-dsym";
				ENABLE_NS_ASSERTIONS = NO;
				ENABLE_STRICT_OBJC_MSGSEND = YES;
				GCC_C_LANGUAGE_STANDARD = gnu11;
				GCC_NO_COMMON_BLOCKS = YES;
				GCC_WARN_64_TO_32_BIT_CONVERSION = YES;
				GCC_WARN_ABOUT_RETURN_TYPE = YES_ERROR;
				GCC_WARN_UNDECLARED_SELECTOR = YES;
				GCC_WARN_UNINITIALIZED_AUTOS = YES_AGGRESSIVE;
				GCC_WARN_UNUSED_FUNCTION = YES;
				GCC_WARN_UNUSED_VARIABLE = YES;
				IPHONEOS_DEPLOYMENT_TARGET = 13.0;
				MTL_ENABLE_DEBUG_INFO = NO;
				MTL_FAST_MATH = YES;
				SDKROOT = iphoneos;
				SWIFT_COMPILATION_MODE = wholemodule;
				SWIFT_OPTIMIZATION_LEVEL = "-O";
				VALIDATE_PRODUCT = YES;
			};
			name = Release;
		};
		FA9FCF292A13550100D13D2A /* Debug */ = {
			isa = XCBuildConfiguration;
			baseConfigurationReference = 775725E7CA5200A566DFA56A /* Pods-AlexWeather.debug.xcconfig */;
			buildSettings = {
				ASSETCATALOG_COMPILER_APPICON_NAME = AppIcon;
				ASSETCATALOG_COMPILER_GLOBAL_ACCENT_COLOR_NAME = AccentColor;
				CODE_SIGN_STYLE = Automatic;
				CURRENT_PROJECT_VERSION = 1;
				GENERATE_INFOPLIST_FILE = YES;
				INFOPLIST_FILE = AlexWeather/Info.plist;
				INFOPLIST_KEY_UIApplicationSupportsIndirectInputEvents = YES;
				INFOPLIST_KEY_UILaunchStoryboardName = LaunchScreen;
				INFOPLIST_KEY_UIStatusBarStyle = "";
				INFOPLIST_KEY_UISupportedInterfaceOrientations = UIInterfaceOrientationPortrait;
				INFOPLIST_KEY_UISupportedInterfaceOrientations_iPad = "UIInterfaceOrientationLandscapeLeft UIInterfaceOrientationLandscapeRight UIInterfaceOrientationPortrait UIInterfaceOrientationPortraitUpsideDown";
				IPHONEOS_DEPLOYMENT_TARGET = 13.0;
				LD_RUNPATH_SEARCH_PATHS = (
					"$(inherited)",
					"@executable_path/Frameworks",
				);
				MARKETING_VERSION = 1.0;
				PRODUCT_BUNDLE_IDENTIFIER = alex.AlexWeather;
				PRODUCT_NAME = "$(TARGET_NAME)";
				SUPPORTED_PLATFORMS = "iphoneos iphonesimulator";
				SUPPORTS_MACCATALYST = NO;
				SUPPORTS_MAC_DESIGNED_FOR_IPHONE_IPAD = NO;
				SWIFT_EMIT_LOC_STRINGS = YES;
				SWIFT_VERSION = 5.0;
				TARGETED_DEVICE_FAMILY = 1;
			};
			name = Debug;
		};
		FA9FCF2A2A13550100D13D2A /* Release */ = {
			isa = XCBuildConfiguration;
			baseConfigurationReference = 766FBECEA72E3877EAF6F30C /* Pods-AlexWeather.release.xcconfig */;
			buildSettings = {
				ASSETCATALOG_COMPILER_APPICON_NAME = AppIcon;
				ASSETCATALOG_COMPILER_GLOBAL_ACCENT_COLOR_NAME = AccentColor;
				CODE_SIGN_STYLE = Automatic;
				CURRENT_PROJECT_VERSION = 1;
				GENERATE_INFOPLIST_FILE = YES;
				INFOPLIST_FILE = AlexWeather/Info.plist;
				INFOPLIST_KEY_UIApplicationSupportsIndirectInputEvents = YES;
				INFOPLIST_KEY_UILaunchStoryboardName = LaunchScreen;
				INFOPLIST_KEY_UIStatusBarStyle = "";
				INFOPLIST_KEY_UISupportedInterfaceOrientations = UIInterfaceOrientationPortrait;
				INFOPLIST_KEY_UISupportedInterfaceOrientations_iPad = "UIInterfaceOrientationLandscapeLeft UIInterfaceOrientationLandscapeRight UIInterfaceOrientationPortrait UIInterfaceOrientationPortraitUpsideDown";
				IPHONEOS_DEPLOYMENT_TARGET = 13.0;
				LD_RUNPATH_SEARCH_PATHS = (
					"$(inherited)",
					"@executable_path/Frameworks",
				);
				MARKETING_VERSION = 1.0;
				PRODUCT_BUNDLE_IDENTIFIER = alex.AlexWeather;
				PRODUCT_NAME = "$(TARGET_NAME)";
				SUPPORTED_PLATFORMS = "iphoneos iphonesimulator";
				SUPPORTS_MACCATALYST = NO;
				SUPPORTS_MAC_DESIGNED_FOR_IPHONE_IPAD = NO;
				SWIFT_EMIT_LOC_STRINGS = YES;
				SWIFT_VERSION = 5.0;
				TARGETED_DEVICE_FAMILY = 1;
			};
			name = Release;
		};
		FA9FCF2C2A13550100D13D2A /* Debug */ = {
			isa = XCBuildConfiguration;
			buildSettings = {
				ALWAYS_EMBED_SWIFT_STANDARD_LIBRARIES = YES;
				BUNDLE_LOADER = "$(TEST_HOST)";
				CODE_SIGN_STYLE = Automatic;
				CURRENT_PROJECT_VERSION = 1;
				GENERATE_INFOPLIST_FILE = YES;
				IPHONEOS_DEPLOYMENT_TARGET = 16.2;
				MARKETING_VERSION = 1.0;
				PRODUCT_BUNDLE_IDENTIFIER = alex.AlexWeatherTests;
				PRODUCT_NAME = "$(TARGET_NAME)";
				SWIFT_EMIT_LOC_STRINGS = NO;
				SWIFT_VERSION = 5.0;
				TARGETED_DEVICE_FAMILY = "1,2";
				TEST_HOST = "$(BUILT_PRODUCTS_DIR)/AlexWeather.app/$(BUNDLE_EXECUTABLE_FOLDER_PATH)/AlexWeather";
			};
			name = Debug;
		};
		FA9FCF2D2A13550100D13D2A /* Release */ = {
			isa = XCBuildConfiguration;
			buildSettings = {
				ALWAYS_EMBED_SWIFT_STANDARD_LIBRARIES = YES;
				BUNDLE_LOADER = "$(TEST_HOST)";
				CODE_SIGN_STYLE = Automatic;
				CURRENT_PROJECT_VERSION = 1;
				GENERATE_INFOPLIST_FILE = YES;
				IPHONEOS_DEPLOYMENT_TARGET = 16.2;
				MARKETING_VERSION = 1.0;
				PRODUCT_BUNDLE_IDENTIFIER = alex.AlexWeatherTests;
				PRODUCT_NAME = "$(TARGET_NAME)";
				SWIFT_EMIT_LOC_STRINGS = NO;
				SWIFT_VERSION = 5.0;
				TARGETED_DEVICE_FAMILY = "1,2";
				TEST_HOST = "$(BUILT_PRODUCTS_DIR)/AlexWeather.app/$(BUNDLE_EXECUTABLE_FOLDER_PATH)/AlexWeather";
			};
			name = Release;
		};
		FA9FCF2F2A13550100D13D2A /* Debug */ = {
			isa = XCBuildConfiguration;
			buildSettings = {
				ALWAYS_EMBED_SWIFT_STANDARD_LIBRARIES = YES;
				CODE_SIGN_STYLE = Automatic;
				CURRENT_PROJECT_VERSION = 1;
				GENERATE_INFOPLIST_FILE = YES;
				MARKETING_VERSION = 1.0;
				PRODUCT_BUNDLE_IDENTIFIER = alex.AlexWeatherUITests;
				PRODUCT_NAME = "$(TARGET_NAME)";
				SWIFT_EMIT_LOC_STRINGS = NO;
				SWIFT_VERSION = 5.0;
				TARGETED_DEVICE_FAMILY = "1,2";
				TEST_TARGET_NAME = AlexWeather;
			};
			name = Debug;
		};
		FA9FCF302A13550100D13D2A /* Release */ = {
			isa = XCBuildConfiguration;
			buildSettings = {
				ALWAYS_EMBED_SWIFT_STANDARD_LIBRARIES = YES;
				CODE_SIGN_STYLE = Automatic;
				CURRENT_PROJECT_VERSION = 1;
				GENERATE_INFOPLIST_FILE = YES;
				MARKETING_VERSION = 1.0;
				PRODUCT_BUNDLE_IDENTIFIER = alex.AlexWeatherUITests;
				PRODUCT_NAME = "$(TARGET_NAME)";
				SWIFT_EMIT_LOC_STRINGS = NO;
				SWIFT_VERSION = 5.0;
				TARGETED_DEVICE_FAMILY = "1,2";
				TEST_TARGET_NAME = AlexWeather;
			};
			name = Release;
		};
/* End XCBuildConfiguration section */

/* Begin XCConfigurationList section */
		FA9FCEF92A13550000D13D2A /* Build configuration list for PBXProject "AlexWeather" */ = {
			isa = XCConfigurationList;
			buildConfigurations = (
				FA9FCF262A13550100D13D2A /* Debug */,
				FA9FCF272A13550100D13D2A /* Release */,
			);
			defaultConfigurationIsVisible = 0;
			defaultConfigurationName = Release;
		};
		FA9FCF282A13550100D13D2A /* Build configuration list for PBXNativeTarget "AlexWeather" */ = {
			isa = XCConfigurationList;
			buildConfigurations = (
				FA9FCF292A13550100D13D2A /* Debug */,
				FA9FCF2A2A13550100D13D2A /* Release */,
			);
			defaultConfigurationIsVisible = 0;
			defaultConfigurationName = Release;
		};
		FA9FCF2B2A13550100D13D2A /* Build configuration list for PBXNativeTarget "AlexWeatherTests" */ = {
			isa = XCConfigurationList;
			buildConfigurations = (
				FA9FCF2C2A13550100D13D2A /* Debug */,
				FA9FCF2D2A13550100D13D2A /* Release */,
			);
			defaultConfigurationIsVisible = 0;
			defaultConfigurationName = Release;
		};
		FA9FCF2E2A13550100D13D2A /* Build configuration list for PBXNativeTarget "AlexWeatherUITests" */ = {
			isa = XCConfigurationList;
			buildConfigurations = (
				FA9FCF2F2A13550100D13D2A /* Debug */,
				FA9FCF302A13550100D13D2A /* Release */,
			);
			defaultConfigurationIsVisible = 0;
			defaultConfigurationName = Release;
		};
/* End XCConfigurationList section */
	};
	rootObject = FA9FCEF62A13550000D13D2A /* Project object */;
}
